
Microsoft Visual Studio Solution File, Format Version 12.00
# Visual Studio Version 17
VisualStudioVersion = 17.7.34202.233
MinimumVisualStudioVersion = 10.0.40219.1
Project("{FAE04EC0-301F-11D3-BF4B-00C04F79EFBC}") = "6502Emulator", "6502Emulator\6502Emulator.csproj", "{76B772B7-DE09-4E7B-90DD-7E293F543613}"
EndProject
Global
	GlobalSection(SolutionConfigurationPlatforms) = preSolution
		Debug|Any CPU = Debug|Any CPU
		Release|Any CPU = Release|Any CPU
	EndGlobalSection
	GlobalSection(ProjectConfigurationPlatforms) = postSolution
		{76B772B7-DE09-4E7B-90DD-7E293F543613}.Debug|Any CPU.ActiveCfg = Debug|Any CPU
		{76B772B7-DE09-4E7B-90DD-7E293F543613}.Debug|Any CPU.Build.0 = Debug|Any CPU
		{76B772B7-DE09-4E7B-90DD-7E293F543613}.Release|Any CPU.ActiveCfg = Release|Any CPU
		{76B772B7-DE09-4E7B-90DD-7E293F543613}.Release|Any CPU.Build.0 = Release|Any CPU
	EndGlobalSection
	GlobalSection(SolutionProperties) = preSolution
		HideSolutionNode = FALSE
	EndGlobalSection
	GlobalSection(ExtensibilityGlobals) = postSolution
		SolutionGuid = {31B9EF28-5D20-4FB6-BBF2-2989465400C0}
	EndGlobalSection
EndGlobal
